
Microsoft Visual Studio Solution File, Format Version 12.00
# Visual Studio Version 16
VisualStudioVersion = 16.0.30309.148
MinimumVisualStudioVersion = 10.0.40219.1
Project("{8BC9CEB8-8B4A-11D0-8D11-00A0C91BC942}") = "malebolge", "malebolge\malebolge.vcxproj", "{D0C9E363-6829-40F4-A08D-E784E4B1B03F}"
EndProject
Project("{8BC9CEB8-8B4A-11D0-8D11-00A0C91BC942}") = "malebolge_drv", "malebolge_drv\malebolge_drv.vcxproj", "{C3CC0527-0218-4BA9-B1A6-A7C0E0B3BD0C}"
EndProject
Project("{8BC9CEB8-8B4A-11D0-8D11-00A0C91BC942}") = "malebolge_cheat", "malebolge_cheat\malebolge_cheat.vcxproj", "{959B38AF-2A1F-4BE6-A899-977CA9A368C2}"
EndProject
Global
	GlobalSection(SolutionConfigurationPlatforms) = preSolution
		Debug_noGs|x64 = Debug_noGs|x64
		Debug_noGs|x86 = Debug_noGs|x86
		Debug|x64 = Debug|x64
		Debug|x86 = Debug|x86
		Release_noGs|x64 = Release_noGs|x64
		Release_noGs|x86 = Release_noGs|x86
		Release|x64 = Release|x64
		Release|x86 = Release|x86
	EndGlobalSection
	GlobalSection(ProjectConfigurationPlatforms) = postSolution
		{D0C9E363-6829-40F4-A08D-E784E4B1B03F}.Debug_noGs|x64.ActiveCfg = Debug|x64
		{D0C9E363-6829-40F4-A08D-E784E4B1B03F}.Debug_noGs|x64.Build.0 = Debug|x64
		{D0C9E363-6829-40F4-A08D-E784E4B1B03F}.Debug_noGs|x86.ActiveCfg = Release|x64
		{D0C9E363-6829-40F4-A08D-E784E4B1B03F}.Debug_noGs|x86.Build.0 = Release|x64
		{D0C9E363-6829-40F4-A08D-E784E4B1B03F}.Debug|x64.ActiveCfg = Debug|x64
		{D0C9E363-6829-40F4-A08D-E784E4B1B03F}.Debug|x64.Build.0 = Debug|x64
		{D0C9E363-6829-40F4-A08D-E784E4B1B03F}.Debug|x86.ActiveCfg = Debug|x64
		{D0C9E363-6829-40F4-A08D-E784E4B1B03F}.Release_noGs|x64.ActiveCfg = Release|x64
		{D0C9E363-6829-40F4-A08D-E784E4B1B03F}.Release_noGs|x64.Build.0 = Release|x64
		{D0C9E363-6829-40F4-A08D-E784E4B1B03F}.Release_noGs|x86.ActiveCfg = Release|x64
		{D0C9E363-6829-40F4-A08D-E784E4B1B03F}.Release_noGs|x86.Build.0 = Release|x64
		{D0C9E363-6829-40F4-A08D-E784E4B1B03F}.Release|x64.ActiveCfg = Release|x64
		{D0C9E363-6829-40F4-A08D-E784E4B1B03F}.Release|x64.Build.0 = Release|x64
		{D0C9E363-6829-40F4-A08D-E784E4B1B03F}.Release|x86.ActiveCfg = Release|x64
		{C3CC0527-0218-4BA9-B1A6-A7C0E0B3BD0C}.Debug_noGs|x64.ActiveCfg = Debug_noGs|x64
		{C3CC0527-0218-4BA9-B1A6-A7C0E0B3BD0C}.Debug_noGs|x64.Build.0 = Debug_noGs|x64
		{C3CC0527-0218-4BA9-B1A6-A7C0E0B3BD0C}.Debug_noGs|x64.Deploy.0 = Debug_noGs|x64
		{C3CC0527-0218-4BA9-B1A6-A7C0E0B3BD0C}.Debug_noGs|x86.ActiveCfg = Debug_noGs|x64
		{C3CC0527-0218-4BA9-B1A6-A7C0E0B3BD0C}.Debug|x64.ActiveCfg = Debug|x64
		{C3CC0527-0218-4BA9-B1A6-A7C0E0B3BD0C}.Debug|x64.Build.0 = Debug|x64
		{C3CC0527-0218-4BA9-B1A6-A7C0E0B3BD0C}.Debug|x64.Deploy.0 = Debug|x64
		{C3CC0527-0218-4BA9-B1A6-A7C0E0B3BD0C}.Debug|x86.ActiveCfg = Debug|x64
		{C3CC0527-0218-4BA9-B1A6-A7C0E0B3BD0C}.Release_noGs|x64.ActiveCfg = Release_noGs|x64
		{C3CC0527-0218-4BA9-B1A6-A7C0E0B3BD0C}.Release_noGs|x64.Build.0 = Release_noGs|x64
		{C3CC0527-0218-4BA9-B1A6-A7C0E0B3BD0C}.Release_noGs|x64.Deploy.0 = Release_noGs|x64
		{C3CC0527-0218-4BA9-B1A6-A7C0E0B3BD0C}.Release_noGs|x86.ActiveCfg = Release_noGs|x64
		{C3CC0527-0218-4BA9-B1A6-A7C0E0B3BD0C}.Release|x64.ActiveCfg = Release|x64
		{C3CC0527-0218-4BA9-B1A6-A7C0E0B3BD0C}.Release|x64.Build.0 = Release|x64
		{C3CC0527-0218-4BA9-B1A6-A7C0E0B3BD0C}.Release|x64.Deploy.0 = Release|x64
		{C3CC0527-0218-4BA9-B1A6-A7C0E0B3BD0C}.Release|x86.ActiveCfg = Release|x64
		{959B38AF-2A1F-4BE6-A899-977CA9A368C2}.Debug_noGs|x64.ActiveCfg = Release|Win32
		{959B38AF-2A1F-4BE6-A899-977CA9A368C2}.Debug_noGs|x64.Build.0 = Release|Win32
		{959B38AF-2A1F-4BE6-A899-977CA9A368C2}.Debug_noGs|x86.ActiveCfg = Debug|Win32
		{959B38AF-2A1F-4BE6-A899-977CA9A368C2}.Debug_noGs|x86.Build.0 = Debug|Win32
		{959B38AF-2A1F-4BE6-A899-977CA9A368C2}.Debug|x64.ActiveCfg = Debug|Win32
		{959B38AF-2A1F-4BE6-A899-977CA9A368C2}.Debug|x86.ActiveCfg = Debug|Win32
		{959B38AF-2A1F-4BE6-A899-977CA9A368C2}.Debug|x86.Build.0 = Debug|Win32
		{959B38AF-2A1F-4BE6-A899-977CA9A368C2}.Release_noGs|x64.ActiveCfg = Release|Win32
		{959B38AF-2A1F-4BE6-A899-977CA9A368C2}.Release_noGs|x64.Build.0 = Release|Win32
		{959B38AF-2A1F-4BE6-A899-977CA9A368C2}.Release_noGs|x86.ActiveCfg = Release|Win32
		{959B38AF-2A1F-4BE6-A899-977CA9A368C2}.Release_noGs|x86.Build.0 = Release|Win32
		{959B38AF-2A1F-4BE6-A899-977CA9A368C2}.Release|x64.ActiveCfg = Release|Win32
		{959B38AF-2A1F-4BE6-A899-977CA9A368C2}.Release|x86.ActiveCfg = Release|Win32
		{959B38AF-2A1F-4BE6-A899-977CA9A368C2}.Release|x86.Build.0 = Release|Win32
	EndGlobalSection
	GlobalSection(SolutionProperties) = preSolution
		HideSolutionNode = FALSE
	EndGlobalSection
	GlobalSection(ExtensibilityGlobals) = postSolution
		SolutionGuid = {D8398254-2A40-4B8E-A283-FA0BB3AAE964}
	EndGlobalSection
EndGlobal
