<?xml version="1.0" encoding="utf-8"?>
<Project ToolsVersion="4.0" xmlns="http://schemas.microsoft.com/developer/msbuild/2003">
  <ItemGroup>
    <Filter Include="SDK">
      <UniqueIdentifier>{c5fd8c74-2093-4955-b6cc-b25f0ba08283}</UniqueIdentifier>
    </Filter>
    <Filter Include="SDK\local_proto">
      <UniqueIdentifier>{a1d5bfce-c6e7-42aa-b8f6-ca4d7ca583d8}</UniqueIdentifier>
    </Filter>
    <Filter Include="ring0">
      <UniqueIdentifier>{1c8f45e8-97a0-4bec-abb8-07d29c0b7af1}</UniqueIdentifier>
    </Filter>
    <Filter Include="ring0\Kernel Interface">
      <UniqueIdentifier>{4e448e8c-12d9-41f6-93bf-6fc1d7003b7d}</UniqueIdentifier>
    </Filter>
    <Filter Include="ring0\Driver Loader">
      <UniqueIdentifier>{2f6d59f6-985b-407b-b989-529d1026271b}</UniqueIdentifier>
    </Filter>
    <Filter Include="Menu">
      <UniqueIdentifier>{dd4fedd6-9dd5-4855-9baf-900b9f2b8ecc}</UniqueIdentifier>
    </Filter>
    <Filter Include="Menu\Events">
      <UniqueIdentifier>{b74544a2-dab2-4c10-92fa-36c7427ba977}</UniqueIdentifier>
    </Filter>
    <Filter Include="themida_sdk">
      <UniqueIdentifier>{ed10a574-22f4-47de-9300-327517654cb5}</UniqueIdentifier>
    </Filter>
    <Filter Include="nuklear">
      <UniqueIdentifier>{f24403a9-c5a5-4b09-9706-e242252ad92f}</UniqueIdentifier>
    </Filter>
  </ItemGroup>
  <ItemGroup>
    <ClCompile Include="malebolge.cpp" />
    <ClCompile Include="SDK\local_proto\local_proto.cpp">
      <Filter>SDK\local_proto</Filter>
    </ClCompile>
    <ClCompile Include="ring0\KernelInterface.cpp">
      <Filter>ring0\Kernel Interface</Filter>
    </ClCompile>
    <ClCompile Include="ring0\DriverLoader.cpp">
      <Filter>ring0\Driver Loader</Filter>
    </ClCompile>
    <ClCompile Include="Menu\Menu.cpp">
      <Filter>Menu</Filter>
    </ClCompile>
  </ItemGroup>
  <ItemGroup>
    <ClInclude Include="ring0\driver_io.h">
      <Filter>ring0</Filter>
    </ClInclude>
    <ClInclude Include="SDK\local_proto\local_proto.h">
      <Filter>SDK\local_proto</Filter>
    </ClInclude>
    <ClInclude Include="SDK\globals.h">
      <Filter>SDK</Filter>
    </ClInclude>
    <ClInclude Include="ring0\KernelInterface.h">
      <Filter>ring0\Kernel Interface</Filter>
    </ClInclude>
    <ClInclude Include="ring0\DriverLoader.h">
      <Filter>ring0\Driver Loader</Filter>
    </ClInclude>
    <ClInclude Include="Menu\Menu.h">
      <Filter>Menu</Filter>
    </ClInclude>
    <ClInclude Include="themida_sdk\ThemidaSDK.h">
      <Filter>themida_sdk</Filter>
    </ClInclude>
    <ClInclude Include="themida_sdk\SecureEngineCustomVMs.h">
      <Filter>themida_sdk</Filter>
    </ClInclude>
    <ClInclude Include="themida_sdk\SecureEngineCustomVMs_BorlandC_inline.h">
      <Filter>themida_sdk</Filter>
    </ClInclude>
    <ClInclude Include="themida_sdk\SecureEngineCustomVMs_GNU_inline.h">
      <Filter>themida_sdk</Filter>
    </ClInclude>
    <ClInclude Include="themida_sdk\SecureEngineCustomVMs_ICL_inline.h">
      <Filter>themida_sdk</Filter>
    </ClInclude>
    <ClInclude Include="themida_sdk\SecureEngineCustomVMs_LCC_inline.h">
      <Filter>themida_sdk</Filter>
    </ClInclude>
    <ClInclude Include="themida_sdk\SecureEngineCustomVMs_VC_inline.h">
      <Filter>themida_sdk</Filter>
    </ClInclude>
  </ItemGroup>
</Project>