<?xml version="1.0" encoding="utf-8"?>
<Project ToolsVersion="4.0" xmlns="http://schemas.microsoft.com/developer/msbuild/2003">
  <ItemGroup>
    <ClCompile Include="malebole_external.cpp" />
    <ClCompile Include="ring0\KernelInterface.cpp">
      <Filter>ring0</Filter>
    </ClCompile>
    <ClCompile Include="render.cpp" />
    <ClCompile Include="draw_utils.cpp" />
  </ItemGroup>
  <ItemGroup>
    <Filter Include="ring0">
      <UniqueIdentifier>{4d626f37-1b71-48c1-aa9c-8362b3cd999c}</UniqueIdentifier>
    </Filter>
    <Filter Include="SDK">
      <UniqueIdentifier>{5cb5ac14-5024-41b6-80ef-1c21d6eb62ff}</UniqueIdentifier>
    </Filter>
  </ItemGroup>
  <ItemGroup>
    <ClInclude Include="ring0\driver_io.h">
      <Filter>ring0</Filter>
    </ClInclude>
    <ClInclude Include="ring0\KernelInterface.h">
      <Filter>ring0</Filter>
    </ClInclude>
    <ClInclude Include="SDK\globals.h">
      <Filter>SDK</Filter>
    </ClInclude>
    <ClInclude Include="render.h" />
    <ClInclude Include="draw_utils.h" />
    <ClInclude Include="SDK\lazy_importer.hpp">
      <Filter>SDK</Filter>
    </ClInclude>
    <ClInclude Include="SDK\XorStr.hpp">
      <Filter>SDK</Filter>
    </ClInclude>
    <ClInclude Include="SDK\VmpSdk.h">
      <Filter>SDK</Filter>
    </ClInclude>
  </ItemGroup>
</Project>