<?xml version="1.0" encoding="utf-8"?>
<Project ToolsVersion="4.0" xmlns="http://schemas.microsoft.com/developer/msbuild/2003">
  <ItemGroup>
    <ClCompile Include="malebolge_drv.c" />
    <ClCompile Include="DriverUnload.c">
      <Filter>Core</Filter>
    </ClCompile>
    <ClCompile Include="IoCreateCall.c">
      <Filter>Core</Filter>
    </ClCompile>
    <ClCompile Include="IoCloseCall.c">
      <Filter>Core</Filter>
    </ClCompile>
    <ClCompile Include="IoControl.c">
      <Filter>Core</Filter>
    </ClCompile>
    <ClCompile Include="ProcessPreCallback.c">
      <Filter>Core\Callback Routines\PreCallback</Filter>
    </ClCompile>
    <ClCompile Include="ThreadPreCallback.c">
      <Filter>Core\Callback Routines\PreCallback</Filter>
    </ClCompile>
    <ClCompile Include="callback.c">
      <Filter>Core\Callback Routines\Object callback</Filter>
    </ClCompile>
    <ClCompile Include="ImageLoadCallback.c">
      <Filter>Core\Callback Routines\ImageLoadCallback</Filter>
    </ClCompile>
    <ClCompile Include="CreateProcessCallback.c">
      <Filter>Core\Callback Routines\CreateProcessCallback</Filter>
    </ClCompile>
    <ClCompile Include="spoof_clear.cpp">
      <Filter>SDK\spoofer\clear</Filter>
    </ClCompile>
    <ClCompile Include="spoof_util.c">
      <Filter>SDK\spoofer\utils</Filter>
    </ClCompile>
    <ClCompile Include="spoof_core.c">
      <Filter>SDK\spoofer\core</Filter>
    </ClCompile>
    <ClCompile Include="blackbone\BlackBoneDrv.c">
      <Filter>blackbone</Filter>
    </ClCompile>
    <ClCompile Include="blackbone\Inject.c">
      <Filter>blackbone</Filter>
    </ClCompile>
    <ClCompile Include="blackbone\ldrreloc.c">
      <Filter>blackbone</Filter>
    </ClCompile>
    <ClCompile Include="blackbone\Loader.c">
      <Filter>blackbone</Filter>
    </ClCompile>
    <ClCompile Include="blackbone\MMap.c">
      <Filter>blackbone</Filter>
    </ClCompile>
    <ClCompile Include="blackbone\NotifyRoutine.c">
      <Filter>blackbone</Filter>
    </ClCompile>
    <ClCompile Include="blackbone\Private.c">
      <Filter>blackbone</Filter>
    </ClCompile>
    <ClCompile Include="blackbone\Remap.c">
      <Filter>blackbone</Filter>
    </ClCompile>
    <ClCompile Include="blackbone\Routines.c">
      <Filter>blackbone</Filter>
    </ClCompile>
    <ClCompile Include="blackbone\Utils.c">
      <Filter>blackbone</Filter>
    </ClCompile>
    <ClCompile Include="blackbone\VadHelpers.c">
      <Filter>blackbone</Filter>
    </ClCompile>
    <ClCompile Include="blackbone\VadRoutines.c">
      <Filter>blackbone</Filter>
    </ClCompile>
    <ClCompile Include="DarkTools.c">
      <Filter>SDK\DarkTools</Filter>
    </ClCompile>
  </ItemGroup>
  <ItemGroup>
    <Filter Include="SDK">
      <UniqueIdentifier>{b5fb2104-f806-4271-9bcd-8c3eacc74b48}</UniqueIdentifier>
    </Filter>
    <Filter Include="Core">
      <UniqueIdentifier>{ae71b2d6-6d9c-415d-bde1-f8c2e8dcbdb8}</UniqueIdentifier>
    </Filter>
    <Filter Include="SDK\spoofer">
      <UniqueIdentifier>{8567f840-4c53-46fa-aa67-6c00ecfc28f8}</UniqueIdentifier>
    </Filter>
    <Filter Include="Core\Callback Routines">
      <UniqueIdentifier>{e78539f7-79cb-4c03-b4b2-192657da92e7}</UniqueIdentifier>
    </Filter>
    <Filter Include="Core\Callback Routines\PreCallback">
      <UniqueIdentifier>{05405e2c-e0d0-493b-944b-9351986915f0}</UniqueIdentifier>
    </Filter>
    <Filter Include="Core\Callback Routines\Object callback">
      <UniqueIdentifier>{29295150-8580-4957-814b-fc437b80a980}</UniqueIdentifier>
    </Filter>
    <Filter Include="Core\Callback Routines\ImageLoadCallback">
      <UniqueIdentifier>{193ffdb2-a6f0-4d6e-82fa-90673b70efd4}</UniqueIdentifier>
    </Filter>
    <Filter Include="Core\Callback Routines\CreateProcessCallback">
      <UniqueIdentifier>{30c25023-5e55-4347-831a-517e523e1062}</UniqueIdentifier>
    </Filter>
    <Filter Include="SDK\spoofer\clear">
      <UniqueIdentifier>{45df5c80-2029-424d-96eb-4bbb53d3e36a}</UniqueIdentifier>
    </Filter>
    <Filter Include="SDK\spoofer\core">
      <UniqueIdentifier>{2106dbfc-49a3-412e-93de-15355471465c}</UniqueIdentifier>
    </Filter>
    <Filter Include="SDK\spoofer\utils">
      <UniqueIdentifier>{d30891f3-4942-47d7-8aff-47d66d175792}</UniqueIdentifier>
    </Filter>
    <Filter Include="blackbone">
      <UniqueIdentifier>{86b3eb6e-e21d-42c2-9bf0-f848e59757dd}</UniqueIdentifier>
    </Filter>
    <Filter Include="SDK\DarkTools">
      <UniqueIdentifier>{5f70c435-bf31-4a4d-af34-3331338cdad9}</UniqueIdentifier>
    </Filter>
  </ItemGroup>
  <ItemGroup>
    <ClInclude Include="driver_defs.h">
      <Filter>SDK</Filter>
    </ClInclude>
    <ClInclude Include="globals.h">
      <Filter>SDK</Filter>
    </ClInclude>
    <ClInclude Include="functions.h">
      <Filter>SDK</Filter>
    </ClInclude>
    <ClInclude Include="driver_io.h">
      <Filter>SDK</Filter>
    </ClInclude>
    <ClInclude Include="VMProtectDDK.h">
      <Filter>SDK</Filter>
    </ClInclude>
    <ClInclude Include="callback.h">
      <Filter>Core\Callback Routines\Object callback</Filter>
    </ClInclude>
    <ClInclude Include="ImageLoadCallback.h">
      <Filter>Core\Callback Routines\ImageLoadCallback</Filter>
    </ClInclude>
    <ClInclude Include="CreateProcessCallback.h">
      <Filter>Core\Callback Routines\CreateProcessCallback</Filter>
    </ClInclude>
    <ClInclude Include="spoof_clear.h">
      <Filter>SDK\spoofer\clear</Filter>
    </ClInclude>
    <ClInclude Include="spoof_util.h">
      <Filter>SDK\spoofer\utils</Filter>
    </ClInclude>
    <ClInclude Include="spoof_core.h">
      <Filter>SDK\spoofer\core</Filter>
    </ClInclude>
    <ClInclude Include="blackbone\apiset.h">
      <Filter>blackbone</Filter>
    </ClInclude>
    <ClInclude Include="blackbone\BlackBoneDef.h">
      <Filter>blackbone</Filter>
    </ClInclude>
    <ClInclude Include="blackbone\BlackBoneDrv.h">
      <Filter>blackbone</Filter>
    </ClInclude>
    <ClInclude Include="blackbone\Imports.h">
      <Filter>blackbone</Filter>
    </ClInclude>
    <ClInclude Include="blackbone\Loader.h">
      <Filter>blackbone</Filter>
    </ClInclude>
    <ClInclude Include="blackbone\NativeEnums.h">
      <Filter>blackbone</Filter>
    </ClInclude>
    <ClInclude Include="blackbone\NativeStructs.h">
      <Filter>blackbone</Filter>
    </ClInclude>
    <ClInclude Include="blackbone\NativeStructs7.h">
      <Filter>blackbone</Filter>
    </ClInclude>
    <ClInclude Include="blackbone\NativeStructs8.h">
      <Filter>blackbone</Filter>
    </ClInclude>
    <ClInclude Include="blackbone\NativeStructs10.h">
      <Filter>blackbone</Filter>
    </ClInclude>
    <ClInclude Include="blackbone\NativeStructs81.h">
      <Filter>blackbone</Filter>
    </ClInclude>
    <ClInclude Include="blackbone\PEStructs.h">
      <Filter>blackbone</Filter>
    </ClInclude>
    <ClInclude Include="blackbone\Private.h">
      <Filter>blackbone</Filter>
    </ClInclude>
    <ClInclude Include="blackbone\Remap.h">
      <Filter>blackbone</Filter>
    </ClInclude>
    <ClInclude Include="blackbone\Routines.h">
      <Filter>blackbone</Filter>
    </ClInclude>
    <ClInclude Include="blackbone\Utils.h">
      <Filter>blackbone</Filter>
    </ClInclude>
    <ClInclude Include="blackbone\VadHelpers.h">
      <Filter>blackbone</Filter>
    </ClInclude>
    <ClInclude Include="blackbone\VadRoutines.h">
      <Filter>blackbone</Filter>
    </ClInclude>
    <ClInclude Include="DarkTools.h">
      <Filter>SDK\DarkTools</Filter>
    </ClInclude>
  </ItemGroup>
</Project>