<?xml version="1.0" encoding="utf-8"?>
<Project ToolsVersion="4.0" xmlns="http://schemas.microsoft.com/developer/msbuild/2003">
  <ItemGroup>
    <ClCompile Include="malebolge_cheat.cpp" />
    <ClCompile Include="Hooks\Hooks.cpp">
      <Filter>Hooks</Filter>
    </ClCompile>
  </ItemGroup>
  <ItemGroup>
    <Filter Include="SDK">
      <UniqueIdentifier>{b6b46c1e-b94b-40d5-bec6-b4f82dd7bd10}</UniqueIdentifier>
    </Filter>
    <Filter Include="Hacks">
      <UniqueIdentifier>{eaf5d495-75be-40b1-874d-47b6d9ce6609}</UniqueIdentifier>
    </Filter>
    <Filter Include="Hooks">
      <UniqueIdentifier>{0e0b8743-0021-4223-b2b9-89e1f66a8fc7}</UniqueIdentifier>
    </Filter>
  </ItemGroup>
  <ItemGroup>
    <ClInclude Include="Hooks\Hooks.h">
      <Filter>Hooks</Filter>
    </ClInclude>
    <ClInclude Include="SDK\VMProtectSDK.h" />
    <ClInclude Include="SDK\global_defs.h">
      <Filter>SDK</Filter>
    </ClInclude>
  </ItemGroup>
</Project>