<?xml version="1.0" encoding="utf-8"?>
<Project ToolsVersion="4.0" xmlns="http://schemas.microsoft.com/developer/msbuild/2003">
  <ItemGroup>
    <ClCompile Include="malebolge_cheat.cpp" />
    <ClCompile Include="Hacks\ESP.cpp">
      <Filter>Hacks</Filter>
    </ClCompile>
    <ClCompile Include="SDK\draw_utils.cpp">
      <Filter>SDK</Filter>
    </ClCompile>
  </ItemGroup>
  <ItemGroup>
    <Filter Include="SDK">
      <UniqueIdentifier>{b6b46c1e-b94b-40d5-bec6-b4f82dd7bd10}</UniqueIdentifier>
    </Filter>
    <Filter Include="Hacks">
      <UniqueIdentifier>{eaf5d495-75be-40b1-874d-47b6d9ce6609}</UniqueIdentifier>
    </Filter>
  </ItemGroup>
  <ItemGroup>
    <ClInclude Include="SDK\global_defs.h">
      <Filter>SDK</Filter>
    </ClInclude>
    <ClInclude Include="Hacks\ESP.h">
      <Filter>Hacks</Filter>
    </ClInclude>
    <ClInclude Include="SDK\lazy_importer.hpp">
      <Filter>SDK</Filter>
    </ClInclude>
    <ClInclude Include="SDK\draw_utils.h">
      <Filter>SDK</Filter>
    </ClInclude>
    <ClInclude Include="SDK\xorstr.hpp">
      <Filter>SDK</Filter>
    </ClInclude>
  </ItemGroup>
</Project>